// !$*UTF8*$!
{
	archiveVersion = 1;
	classes = {
	};
	objectVersion = 46;
	objects = {

/* Begin PBXBuildFile section */
		53C461F41DAE5F9A005FFB24 /* AppDelegate.swift in Sources */ = {isa = PBXBuildFile; fileRef = 53C461F31DAE5F9A005FFB24 /* AppDelegate.swift */; };
		53C461F91DAE5F9A005FFB24 /* Main.storyboard in Resources */ = {isa = PBXBuildFile; fileRef = 53C461F71DAE5F9A005FFB24 /* Main.storyboard */; };
		53C461FB1DAE5F9A005FFB24 /* Assets.xcassets in Resources */ = {isa = PBXBuildFile; fileRef = 53C461FA1DAE5F9A005FFB24 /* Assets.xcassets */; };
		53C461FE1DAE5F9A005FFB24 /* LaunchScreen.storyboard in Resources */ = {isa = PBXBuildFile; fileRef = 53C461FC1DAE5F9A005FFB24 /* LaunchScreen.storyboard */; };
		53C462081DAE60C4005FFB24 /* PhotosViewController.swift in Sources */ = {isa = PBXBuildFile; fileRef = 53C462071DAE60C4005FFB24 /* PhotosViewController.swift */; };
		53C4620A1DAE6585005FFB24 /* PhotoCellView.swift in Sources */ = {isa = PBXBuildFile; fileRef = 53C462091DAE6585005FFB24 /* PhotoCellView.swift */; };
		53C4620C1DAE6CB3005FFB24 /* PhotoDetailViewController.swift in Sources */ = {isa = PBXBuildFile; fileRef = 53C4620B1DAE6CB3005FFB24 /* PhotoDetailViewController.swift */; };
		5B0BE8AED23F2F5B32C85EDA /* Pods_InstagramFeed.framework in Frameworks */ = {isa = PBXBuildFile; fileRef = B05A94759C36AFFC88422CE4 /* Pods_InstagramFeed.framework */; };
/* End PBXBuildFile section */

/* Begin PBXFileReference section */
		53C461F01DAE5F9A005FFB24 /* InstagramFeed.app */ = {isa = PBXFileReference; explicitFileType = wrapper.application; includeInIndex = 0; path = InstagramFeed.app; sourceTree = BUILT_PRODUCTS_DIR; };
		53C461F31DAE5F9A005FFB24 /* AppDelegate.swift */ = {isa = PBXFileReference; lastKnownFileType = sourcecode.swift; path = AppDelegate.swift; sourceTree = "<group>"; };
		53C461F81DAE5F9A005FFB24 /* Base */ = {isa = PBXFileReference; lastKnownFileType = file.storyboard; name = Base; path = Base.lproj/Main.storyboard; sourceTree = "<group>"; };
		53C461FA1DAE5F9A005FFB24 /* Assets.xcassets */ = {isa = PBXFileReference; lastKnownFileType = folder.assetcatalog; path = Assets.xcassets; sourceTree = "<group>"; };
		53C461FD1DAE5F9A005FFB24 /* Base */ = {isa = PBXFileReference; lastKnownFileType = file.storyboard; name = Base; path = Base.lproj/LaunchScreen.storyboard; sourceTree = "<group>"; };
		53C461FF1DAE5F9A005FFB24 /* Info.plist */ = {isa = PBXFileReference; lastKnownFileType = text.plist.xml; path = Info.plist; sourceTree = "<group>"; };
		53C462071DAE60C4005FFB24 /* PhotosViewController.swift */ = {isa = PBXFileReference; fileEncoding = 4; lastKnownFileType = sourcecode.swift; path = PhotosViewController.swift; sourceTree = "<group>"; };
		53C462091DAE6585005FFB24 /* PhotoCellView.swift */ = {isa = PBXFileReference; fileEncoding = 4; lastKnownFileType = sourcecode.swift; path = PhotoCellView.swift; sourceTree = "<group>"; };
		53C4620B1DAE6CB3005FFB24 /* PhotoDetailViewController.swift */ = {isa = PBXFileReference; fileEncoding = 4; lastKnownFileType = sourcecode.swift; path = PhotoDetailViewController.swift; sourceTree = "<group>"; };
		75AF6297BB81ACB2CDB746B1 /* Pods-InstagramFeed.debug.xcconfig */ = {isa = PBXFileReference; includeInIndex = 1; lastKnownFileType = text.xcconfig; name = "Pods-InstagramFeed.debug.xcconfig"; path = "Pods/Target Support Files/Pods-InstagramFeed/Pods-InstagramFeed.debug.xcconfig"; sourceTree = "<group>"; };
		975D54BBBF5A89BC391E124F /* Pods-InstagramFeed.release.xcconfig */ = {isa = PBXFileReference; includeInIndex = 1; lastKnownFileType = text.xcconfig; name = "Pods-InstagramFeed.release.xcconfig"; path = "Pods/Target Support Files/Pods-InstagramFeed/Pods-InstagramFeed.release.xcconfig"; sourceTree = "<group>"; };
		B05A94759C36AFFC88422CE4 /* Pods_InstagramFeed.framework */ = {isa = PBXFileReference; explicitFileType = wrapper.framework; includeInIndex = 0; path = Pods_InstagramFeed.framework; sourceTree = BUILT_PRODUCTS_DIR; };
/* End PBXFileReference section */

/* Begin PBXFrameworksBuildPhase section */
		53C461ED1DAE5F9A005FFB24 /* Frameworks */ = {
			isa = PBXFrameworksBuildPhase;
			buildActionMask = 2147483647;
			files = (
				5B0BE8AED23F2F5B32C85EDA /* Pods_InstagramFeed.framework in Frameworks */,
			);
			runOnlyForDeploymentPostprocessing = 0;
		};
/* End PBXFrameworksBuildPhase section */

/* Begin PBXGroup section */
		53C461E71DAE5F9A005FFB24 = {
			isa = PBXGroup;
			children = (
				53C461F21DAE5F9A005FFB24 /* InstagramFeed */,
				53C461F11DAE5F9A005FFB24 /* Products */,
				77CAFE175D27BF648C0829F0 /* Pods */,
				ABB442DB1228AA971CBC1846 /* Frameworks */,
			);
			sourceTree = "<group>";
		};
		53C461F11DAE5F9A005FFB24 /* Products */ = {
			isa = PBXGroup;
			children = (
				53C461F01DAE5F9A005FFB24 /* InstagramFeed.app */,
			);
			name = Products;
			sourceTree = "<group>";
		};
		53C461F21DAE5F9A005FFB24 /* InstagramFeed */ = {
			isa = PBXGroup;
			children = (
				53C461F31DAE5F9A005FFB24 /* AppDelegate.swift */,
				53C461F71DAE5F9A005FFB24 /* Main.storyboard */,
				53C461FA1DAE5F9A005FFB24 /* Assets.xcassets */,
				53C461FC1DAE5F9A005FFB24 /* LaunchScreen.storyboard */,
				53C461FF1DAE5F9A005FFB24 /* Info.plist */,
				53C462071DAE60C4005FFB24 /* PhotosViewController.swift */,
				53C462091DAE6585005FFB24 /* PhotoCellView.swift */,
				53C4620B1DAE6CB3005FFB24 /* PhotoDetailViewController.swift */,
			);
			path = InstagramFeed;
			sourceTree = "<group>";
		};
		77CAFE175D27BF648C0829F0 /* Pods */ = {
			isa = PBXGroup;
			children = (
				75AF6297BB81ACB2CDB746B1 /* Pods-InstagramFeed.debug.xcconfig */,
				975D54BBBF5A89BC391E124F /* Pods-InstagramFeed.release.xcconfig */,
			);
			name = Pods;
			sourceTree = "<group>";
		};
		ABB442DB1228AA971CBC1846 /* Frameworks */ = {
			isa = PBXGroup;
			children = (
				B05A94759C36AFFC88422CE4 /* Pods_InstagramFeed.framework */,
			);
			name = Frameworks;
			sourceTree = "<group>";
		};
/* End PBXGroup section */

/* Begin PBXNativeTarget section */
		53C461EF1DAE5F9A005FFB24 /* InstagramFeed */ = {
			isa = PBXNativeTarget;
			buildConfigurationList = 53C462021DAE5F9A005FFB24 /* Build configuration list for PBXNativeTarget "InstagramFeed" */;
			buildPhases = (
				37625C351B7BE690FF14B839 /* [CP] Check Pods Manifest.lock */,
				53C461EC1DAE5F9A005FFB24 /* Sources */,
				53C461ED1DAE5F9A005FFB24 /* Frameworks */,
				53C461EE1DAE5F9A005FFB24 /* Resources */,
				7A26F60CDC0821F607392107 /* [CP] Embed Pods Frameworks */,
				28BA036697984FB7D837BC66 /* [CP] Copy Pods Resources */,
			);
			buildRules = (
			);
			dependencies = (
			);
			name = InstagramFeed;
			productName = InstagramFeed;
			productReference = 53C461F01DAE5F9A005FFB24 /* InstagramFeed.app */;
			productType = "com.apple.product-type.application";
		};
/* End PBXNativeTarget section */

/* Begin PBXProject section */
		53C461E81DAE5F9A005FFB24 /* Project object */ = {
			isa = PBXProject;
			attributes = {
				LastSwiftUpdateCheck = 0800;
				LastUpgradeCheck = 0800;
				ORGANIZATIONNAME = "Duc Dinh";
				TargetAttributes = {
					53C461EF1DAE5F9A005FFB24 = {
						CreatedOnToolsVersion = 8.0;
						ProvisioningStyle = Automatic;
					};
				};
			};
			buildConfigurationList = 53C461EB1DAE5F9A005FFB24 /* Build configuration list for PBXProject "InstagramFeed" */;
			compatibilityVersion = "Xcode 3.2";
			developmentRegion = English;
			hasScannedForEncodings = 0;
			knownRegions = (
				en,
				Base,
			);
			mainGroup = 53C461E71DAE5F9A005FFB24;
			productRefGroup = 53C461F11DAE5F9A005FFB24 /* Products */;
			projectDirPath = "";
			projectRoot = "";
			targets = (
				53C461EF1DAE5F9A005FFB24 /* InstagramFeed */,
			);
		};
/* End PBXProject section */

/* Begin PBXResourcesBuildPhase section */
		53C461EE1DAE5F9A005FFB24 /* Resources */ = {
			isa = PBXResourcesBuildPhase;
			buildActionMask = 2147483647;
			files = (
				53C461FE1DAE5F9A005FFB24 /* LaunchScreen.storyboard in Resources */,
				53C461FB1DAE5F9A005FFB24 /* Assets.xcassets in Resources */,
				53C461F91DAE5F9A005FFB24 /* Main.storyboard in Resources */,
			);
			runOnlyForDeploymentPostprocessing = 0;
		};
/* End PBXResourcesBuildPhase section */

/* Begin PBXShellScriptBuildPhase section */
		28BA036697984FB7D837BC66 /* [CP] Copy Pods Resources */ = {
			isa = PBXShellScriptBuildPhase;
			buildActionMask = 2147483647;
			files = (
			);
			inputPaths = (
			);
			name = "[CP] Copy Pods Resources";
			outputPaths = (
			);
			runOnlyForDeploymentPostprocessing = 0;
			shellPath = /bin/sh;
			shellScript = "\"${SRCROOT}/Pods/Target Support Files/Pods-InstagramFeed/Pods-InstagramFeed-resources.sh\"\n";
			showEnvVarsInLog = 0;
		};
		37625C351B7BE690FF14B839 /* [CP] Check Pods Manifest.lock */ = {
			isa = PBXShellScriptBuildPhase;
			buildActionMask = 2147483647;
			files = (
			);
			inputPaths = (
			);
			name = "[CP] Check Pods Manifest.lock";
			outputPaths = (
			);
			runOnlyForDeploymentPostprocessing = 0;
			shellPath = /bin/sh;
			shellScript = "diff \"${PODS_ROOT}/../Podfile.lock\" \"${PODS_ROOT}/Manifest.lock\" > /dev/null\nif [ $? != 0 ] ; then\n    # print error to STDERR\n    echo \"error: The sandbox is not in sync with the Podfile.lock. Run 'pod install' or update your CocoaPods installation.\" >&2\n    exit 1\nfi\n";
			showEnvVarsInLog = 0;
		};
		7A26F60CDC0821F607392107 /* [CP] Embed Pods Frameworks */ = {
			isa = PBXShellScriptBuildPhase;
			buildActionMask = 2147483647;
			files = (
			);
			inputPaths = (
			);
			name = "[CP] Embed Pods Frameworks";
			outputPaths = (
			);
			runOnlyForDeploymentPostprocessing = 0;
			shellPath = /bin/sh;
			shellScript = "\"${SRCROOT}/Pods/Target Support Files/Pods-InstagramFeed/Pods-InstagramFeed-frameworks.sh\"\n";
			showEnvVarsInLog = 0;
		};
/* End PBXShellScriptBuildPhase section */

/* Begin PBXSourcesBuildPhase section */
		53C461EC1DAE5F9A005FFB24 /* Sources */ = {
			isa = PBXSourcesBuildPhase;
			buildActionMask = 2147483647;
			files = (
				53C461F41DAE5F9A005FFB24 /* AppDelegate.swift in Sources */,
				53C4620A1DAE6585005FFB24 /* PhotoCellView.swift in Sources */,
				53C4620C1DAE6CB3005FFB24 /* PhotoDetailViewController.swift in Sources */,
				53C462081DAE60C4005FFB24 /* PhotosViewController.swift in Sources */,
			);
			runOnlyForDeploymentPostprocessing = 0;
		};
/* End PBXSourcesBuildPhase section */

/* Begin PBXVariantGroup section */
		53C461F71DAE5F9A005FFB24 /* Main.storyboard */ = {
			isa = PBXVariantGroup;
			children = (
				53C461F81DAE5F9A005FFB24 /* Base */,
			);
			name = Main.storyboard;
			sourceTree = "<group>";
		};
		53C461FC1DAE5F9A005FFB24 /* LaunchScreen.storyboard */ = {
			isa = PBXVariantGroup;
			children = (
				53C461FD1DAE5F9A005FFB24 /* Base */,
			);
			name = LaunchScreen.storyboard;
			sourceTree = "<group>";
		};
/* End PBXVariantGroup section */

/* Begin XCBuildConfiguration section */
		53C462001DAE5F9A005FFB24 /* Debug */ = {
			isa = XCBuildConfiguration;
			buildSettings = {
				ALWAYS_SEARCH_USER_PATHS = NO;
				CLANG_ANALYZER_NONNULL = YES;
				CLANG_CXX_LANGUAGE_STANDARD = "gnu++0x";
				CLANG_CXX_LIBRARY = "libc++";
				CLANG_ENABLE_MODULES = YES;
				CLANG_ENABLE_OBJC_ARC = YES;
				CLANG_WARN_BOOL_CONVERSION = YES;
				CLANG_WARN_CONSTANT_CONVERSION = YES;
				CLANG_WARN_DIRECT_OBJC_ISA_USAGE = YES_ERROR;
				CLANG_WARN_DOCUMENTATION_COMMENTS = YES;
				CLANG_WARN_EMPTY_BODY = YES;
				CLANG_WARN_ENUM_CONVERSION = YES;
				CLANG_WARN_INFINITE_RECURSION = YES;
				CLANG_WARN_INT_CONVERSION = YES;
				CLANG_WARN_OBJC_ROOT_CLASS = YES_ERROR;
				CLANG_WARN_SUSPICIOUS_MOVES = YES;
				CLANG_WARN_UNREACHABLE_CODE = YES;
				CLANG_WARN__DUPLICATE_METHOD_MATCH = YES;
				"CODE_SIGN_IDENTITY[sdk=iphoneos*]" = "iPhone Developer";
				COPY_PHASE_STRIP = NO;
				DEBUG_INFORMATION_FORMAT = dwarf;
				ENABLE_STRICT_OBJC_MSGSEND = YES;
				ENABLE_TESTABILITY = YES;
				GCC_C_LANGUAGE_STANDARD = gnu99;
				GCC_DYNAMIC_NO_PIC = NO;
				GCC_NO_COMMON_BLOCKS = YES;
				GCC_OPTIMIZATION_LEVEL = 0;
				GCC_PREPROCESSOR_DEFINITIONS = (
					"DEBUG=1",
					"$(inherited)",
				);
				GCC_WARN_64_TO_32_BIT_CONVERSION = YES;
				GCC_WARN_ABOUT_RETURN_TYPE = YES_ERROR;
				GCC_WARN_UNDECLARED_SELECTOR = YES;
				GCC_WARN_UNINITIALIZED_AUTOS = YES_AGGRESSIVE;
				GCC_WARN_UNUSED_FUNCTION = YES;
				GCC_WARN_UNUSED_VARIABLE = YES;
				IPHONEOS_DEPLOYMENT_TARGET = 10.0;
				MTL_ENABLE_DEBUG_INFO = YES;
				ONLY_ACTIVE_ARCH = YES;
				SDKROOT = iphoneos;
				SWIFT_ACTIVE_COMPILATION_CONDITIONS = DEBUG;
				SWIFT_OPTIMIZATION_LEVEL = "-Onone";
			};
			name = Debug;
		};
		53C462011DAE5F9A005FFB24 /* Release */ = {
			isa = XCBuildConfiguration;
			buildSettings = {
				ALWAYS_SEARCH_USER_PATHS = NO;
				CLANG_ANALYZER_NONNULL = YES;
				CLANG_CXX_LANGUAGE_STANDARD = "gnu++0x";
				CLANG_CXX_LIBRARY = "libc++";
				CLANG_ENABLE_MODULES = YES;
				CLANG_ENABLE_OBJC_ARC = YES;
				CLANG_WARN_BOOL_CONVERSION = YES;
				CLANG_WARN_CONSTANT_CONVERSION = YES;
				CLANG_WARN_DIRECT_OBJC_ISA_USAGE = YES_ERROR;
				CLANG_WARN_DOCUMENTATION_COMMENTS = YES;
				CLANG_WARN_EMPTY_BODY = YES;
				CLANG_WARN_ENUM_CONVERSION = YES;
				CLANG_WARN_INFINITE_RECURSION = YES;
				CLANG_WARN_INT_CONVERSION = YES;
				CLANG_WARN_OBJC_ROOT_CLASS = YES_ERROR;
				CLANG_WARN_SUSPICIOUS_MOVES = YES;
				CLANG_WARN_UNREACHABLE_CODE = YES;
				CLANG_WARN__DUPLICATE_METHOD_MATCH = YES;
				"CODE_SIGN_IDENTITY[sdk=iphoneos*]" = "iPhone Developer";
				COPY_PHASE_STRIP = NO;
				DEBUG_INFORMATION_FORMAT = "dwarf-with-dsym";
				ENABLE_NS_ASSERTIONS = NO;
				ENABLE_STRICT_OBJC_MSGSEND = YES;
				GCC_C_LANGUAGE_STANDARD = gnu99;
				GCC_NO_COMMON_BLOCKS = YES;
				GCC_WARN_64_TO_32_BIT_CONVERSION = YES;
				GCC_WARN_ABOUT_RETURN_TYPE = YES_ERROR;
				GCC_WARN_UNDECLARED_SELECTOR = YES;
				GCC_WARN_UNINITIALIZED_AUTOS = YES_AGGRESSIVE;
				GCC_WARN_UNUSED_FUNCTION = YES;
				GCC_WARN_UNUSED_VARIABLE = YES;
				IPHONEOS_DEPLOYMENT_TARGET = 10.0;
				MTL_ENABLE_DEBUG_INFO = NO;
				SDKROOT = iphoneos;
				SWIFT_OPTIMIZATION_LEVEL = "-Owholemodule";
				VALIDATE_PRODUCT = YES;
			};
			name = Release;
		};
		53C462031DAE5F9A005FFB24 /* Debug */ = {
			isa = XCBuildConfiguration;
			baseConfigurationReference = 75AF6297BB81ACB2CDB746B1 /* Pods-InstagramFeed.debug.xcconfig */;
			buildSettings = {
				ASSETCATALOG_COMPILER_APPICON_NAME = AppIcon;
				INFOPLIST_FILE = InstagramFeed/Info.plist;
				LD_RUNPATH_SEARCH_PATHS = "$(inherited) @executable_path/Frameworks";
				PRODUCT_BUNDLE_IDENTIFIER = minhduccm.github.io.InstagramFeed;
				PRODUCT_NAME = "$(TARGET_NAME)";
				SWIFT_VERSION = 3.0;
			};
			name = Debug;
		};
		53C462041DAE5F9A005FFB24 /* Release */ = {
			isa = XCBuildConfiguration;
			baseConfigurationReference = 975D54BBBF5A89BC391E124F /* Pods-InstagramFeed.release.xcconfig */;
			buildSettings = {
				ASSETCATALOG_COMPILER_APPICON_NAME = AppIcon;
				INFOPLIST_FILE = InstagramFeed/Info.plist;
				LD_RUNPATH_SEARCH_PATHS = "$(inherited) @executable_path/Frameworks";
				PRODUCT_BUNDLE_IDENTIFIER = minhduccm.github.io.InstagramFeed;
				PRODUCT_NAME = "$(TARGET_NAME)";
				SWIFT_VERSION = 3.0;
			};
			name = Release;
		};
/* End XCBuildConfiguration section */

/* Begin XCConfigurationList section */
		53C461EB1DAE5F9A005FFB24 /* Build configuration list for PBXProject "InstagramFeed" */ = {
			isa = XCConfigurationList;
			buildConfigurations = (
				53C462001DAE5F9A005FFB24 /* Debug */,
				53C462011DAE5F9A005FFB24 /* Release */,
			);
			defaultConfigurationIsVisible = 0;
			defaultConfigurationName = Release;
		};
		53C462021DAE5F9A005FFB24 /* Build configuration list for PBXNativeTarget "InstagramFeed" */ = {
			isa = XCConfigurationList;
			buildConfigurations = (
				53C462031DAE5F9A005FFB24 /* Debug */,
				53C462041DAE5F9A005FFB24 /* Release */,
			);
			defaultConfigurationIsVisible = 0;
			defaultConfigurationName = Release;
		};
/* End XCConfigurationList section */
	};
	rootObject = 53C461E81DAE5F9A005FFB24 /* Project object */;
}
